
Microsoft Visual Studio Solution File, Format Version 12.00
# Visual Studio Version 17
VisualStudioVersion = 17.5.33530.505
MinimumVisualStudioVersion = 10.0.40219.1
Project("{FAE04EC0-301F-11D3-BF4B-00C04F79EFBC}") = "lab01", "lab01\lab01.csproj", "{2143452D-725E-497A-9C7B-F4C76F158394}"
EndProject
Global
	GlobalSection(SolutionConfigurationPlatforms) = preSolution
		Debug|Any CPU = Debug|Any CPU
		Release|Any CPU = Release|Any CPU
	EndGlobalSection
	GlobalSection(ProjectConfigurationPlatforms) = postSolution
		{2143452D-725E-497A-9C7B-F4C76F158394}.Debug|Any CPU.ActiveCfg = Debug|Any CPU
		{2143452D-725E-497A-9C7B-F4C76F158394}.Debug|Any CPU.Build.0 = Debug|Any CPU
		{2143452D-725E-497A-9C7B-F4C76F158394}.Release|Any CPU.ActiveCfg = Release|Any CPU
		{2143452D-725E-497A-9C7B-F4C76F158394}.Release|Any CPU.Build.0 = Release|Any CPU
	EndGlobalSection
	GlobalSection(SolutionProperties) = preSolution
		HideSolutionNode = FALSE
	EndGlobalSection
	GlobalSection(ExtensibilityGlobals) = postSolution
		SolutionGuid = {D3BC8861-84CF-4527-9330-1FFC1077EA5E}
	EndGlobalSection
EndGlobal
