
Microsoft Visual Studio Solution File, Format Version 12.00
# Visual Studio Version 17
VisualStudioVersion = 17.5.33530.505
MinimumVisualStudioVersion = 10.0.40219.1
Project("{FAE04EC0-301F-11D3-BF4B-00C04F79EFBC}") = "lab09", "lab09\lab09.csproj", "{36BB9ED1-BEB2-466A-B6E5-22380FA3E80F}"
EndProject
Global
	GlobalSection(SolutionConfigurationPlatforms) = preSolution
		Debug|Any CPU = Debug|Any CPU
		Release|Any CPU = Release|Any CPU
	EndGlobalSection
	GlobalSection(ProjectConfigurationPlatforms) = postSolution
		{36BB9ED1-BEB2-466A-B6E5-22380FA3E80F}.Debug|Any CPU.ActiveCfg = Debug|Any CPU
		{36BB9ED1-BEB2-466A-B6E5-22380FA3E80F}.Debug|Any CPU.Build.0 = Debug|Any CPU
		{36BB9ED1-BEB2-466A-B6E5-22380FA3E80F}.Release|Any CPU.ActiveCfg = Release|Any CPU
		{36BB9ED1-BEB2-466A-B6E5-22380FA3E80F}.Release|Any CPU.Build.0 = Release|Any CPU
	EndGlobalSection
	GlobalSection(SolutionProperties) = preSolution
		HideSolutionNode = FALSE
	EndGlobalSection
	GlobalSection(ExtensibilityGlobals) = postSolution
		SolutionGuid = {F5A905C4-314F-4149-AD30-D95E9A0D6AF0}
	EndGlobalSection
EndGlobal
