
Microsoft Visual Studio Solution File, Format Version 12.00
# Visual Studio Version 17
VisualStudioVersion = 17.8.34322.80
MinimumVisualStudioVersion = 10.0.40219.1
Project("{FAE04EC0-301F-11D3-BF4B-00C04F79EFBC}") = "exam", "exam\exam.csproj", "{2825302D-4CBB-4409-9D04-6AC13B972663}"
EndProject
Global
	GlobalSection(SolutionConfigurationPlatforms) = preSolution
		Debug|Any CPU = Debug|Any CPU
		Release|Any CPU = Release|Any CPU
	EndGlobalSection
	GlobalSection(ProjectConfigurationPlatforms) = postSolution
		{2825302D-4CBB-4409-9D04-6AC13B972663}.Debug|Any CPU.ActiveCfg = Debug|Any CPU
		{2825302D-4CBB-4409-9D04-6AC13B972663}.Debug|Any CPU.Build.0 = Debug|Any CPU
		{2825302D-4CBB-4409-9D04-6AC13B972663}.Release|Any CPU.ActiveCfg = Release|Any CPU
		{2825302D-4CBB-4409-9D04-6AC13B972663}.Release|Any CPU.Build.0 = Release|Any CPU
	EndGlobalSection
	GlobalSection(SolutionProperties) = preSolution
		HideSolutionNode = FALSE
	EndGlobalSection
	GlobalSection(ExtensibilityGlobals) = postSolution
		SolutionGuid = {00DA03FD-06DE-4D92-A6D3-FF731725A78E}
	EndGlobalSection
EndGlobal
