
Microsoft Visual Studio Solution File, Format Version 12.00
# Visual Studio Version 17
VisualStudioVersion = 17.5.33530.505
MinimumVisualStudioVersion = 10.0.40219.1
Project("{FAE04EC0-301F-11D3-BF4B-00C04F79EFBC}") = "lab03", "lab03\lab03.csproj", "{2D24D18D-B882-489C-9D69-3E7290017BFF}"
EndProject
Global
	GlobalSection(SolutionConfigurationPlatforms) = preSolution
		Debug|Any CPU = Debug|Any CPU
		Release|Any CPU = Release|Any CPU
	EndGlobalSection
	GlobalSection(ProjectConfigurationPlatforms) = postSolution
		{2D24D18D-B882-489C-9D69-3E7290017BFF}.Debug|Any CPU.ActiveCfg = Debug|Any CPU
		{2D24D18D-B882-489C-9D69-3E7290017BFF}.Debug|Any CPU.Build.0 = Debug|Any CPU
		{2D24D18D-B882-489C-9D69-3E7290017BFF}.Release|Any CPU.ActiveCfg = Release|Any CPU
		{2D24D18D-B882-489C-9D69-3E7290017BFF}.Release|Any CPU.Build.0 = Release|Any CPU
	EndGlobalSection
	GlobalSection(SolutionProperties) = preSolution
		HideSolutionNode = FALSE
	EndGlobalSection
	GlobalSection(ExtensibilityGlobals) = postSolution
		SolutionGuid = {FDA9E2E0-499C-4FD9-9D9D-424B2FF24EE5}
	EndGlobalSection
EndGlobal
