
Microsoft Visual Studio Solution File, Format Version 12.00
# Visual Studio Version 17
VisualStudioVersion = 17.5.33530.505
MinimumVisualStudioVersion = 10.0.40219.1
Project("{FAE04EC0-301F-11D3-BF4B-00C04F79EFBC}") = "lab06", "lab06\lab06.csproj", "{EA326F0B-DD43-4D37-863F-43C5A434BACB}"
EndProject
Global
	GlobalSection(SolutionConfigurationPlatforms) = preSolution
		Debug|Any CPU = Debug|Any CPU
		Release|Any CPU = Release|Any CPU
	EndGlobalSection
	GlobalSection(ProjectConfigurationPlatforms) = postSolution
		{EA326F0B-DD43-4D37-863F-43C5A434BACB}.Debug|Any CPU.ActiveCfg = Debug|Any CPU
		{EA326F0B-DD43-4D37-863F-43C5A434BACB}.Debug|Any CPU.Build.0 = Debug|Any CPU
		{EA326F0B-DD43-4D37-863F-43C5A434BACB}.Release|Any CPU.ActiveCfg = Release|Any CPU
		{EA326F0B-DD43-4D37-863F-43C5A434BACB}.Release|Any CPU.Build.0 = Release|Any CPU
	EndGlobalSection
	GlobalSection(SolutionProperties) = preSolution
		HideSolutionNode = FALSE
	EndGlobalSection
	GlobalSection(ExtensibilityGlobals) = postSolution
		SolutionGuid = {E12C1C3E-C33C-4106-BA65-2242C2E0A532}
	EndGlobalSection
EndGlobal
