
Microsoft Visual Studio Solution File, Format Version 12.00
# Visual Studio Version 16
VisualStudioVersion = 16.0.30907.101
MinimumVisualStudioVersion = 10.0.40219.1
Project("{FAE04EC0-301F-11D3-BF4B-00C04F79EFBC}") = "laba5", "laba5\laba5.csproj", "{45E1DEB7-D6F9-4B4A-A429-2F057402F56E}"
EndProject
Global
	GlobalSection(SolutionConfigurationPlatforms) = preSolution
		Debug|Any CPU = Debug|Any CPU
		Release|Any CPU = Release|Any CPU
	EndGlobalSection
	GlobalSection(ProjectConfigurationPlatforms) = postSolution
		{45E1DEB7-D6F9-4B4A-A429-2F057402F56E}.Debug|Any CPU.ActiveCfg = Debug|Any CPU
		{45E1DEB7-D6F9-4B4A-A429-2F057402F56E}.Debug|Any CPU.Build.0 = Debug|Any CPU
		{45E1DEB7-D6F9-4B4A-A429-2F057402F56E}.Release|Any CPU.ActiveCfg = Release|Any CPU
		{45E1DEB7-D6F9-4B4A-A429-2F057402F56E}.Release|Any CPU.Build.0 = Release|Any CPU
	EndGlobalSection
	GlobalSection(SolutionProperties) = preSolution
		HideSolutionNode = FALSE
	EndGlobalSection
	GlobalSection(ExtensibilityGlobals) = postSolution
		SolutionGuid = {649010E2-469C-49DA-BE28-C23FDAA25C70}
	EndGlobalSection
EndGlobal
