
Microsoft Visual Studio Solution File, Format Version 12.00
# Visual Studio Version 17
VisualStudioVersion = 17.11.35327.3
MinimumVisualStudioVersion = 10.0.40219.1
Project("{9A19103F-16F7-4668-BE54-9A1E7A4F7556}") = "ASPA_005_1", "ASPA_005_1\ASPA_005_1.csproj", "{F37967C4-314E-47CF-AD2C-EF9F8C9EFFE0}"
EndProject
Project("{9A19103F-16F7-4668-BE54-9A1E7A4F7556}") = "DAL_004", "DAL_004\DAL_004.csproj", "{362C7AFB-30C1-4E16-A745-7EF2BB41D09A}"
EndProject
Project("{9A19103F-16F7-4668-BE54-9A1E7A4F7556}") = "ASPA_005_2", "ASPA_005_2\ASPA_005_2.csproj", "{1935ABB1-B788-4DD9-9FB1-3416F63776B4}"
EndProject
Project("{FAE04EC0-301F-11D3-BF4B-00C04F79EFBC}") = "ASPA_005_3", "ASPA_005_3\ASPA_005_3.csproj", "{7CC8E9B8-B27E-4A70-8948-B0354761A19B}"
EndProject
Project("{FAE04EC0-301F-11D3-BF4B-00C04F79EFBC}") = "Test_ASPA_005_3", "Test_ASPA_005_3\Test_ASPA_005_3.csproj", "{29ACB781-B49A-469C-AC92-3AA6A32ACEFE}"
EndProject
Global
	GlobalSection(SolutionConfigurationPlatforms) = preSolution
		Debug|Any CPU = Debug|Any CPU
		Release|Any CPU = Release|Any CPU
	EndGlobalSection
	GlobalSection(ProjectConfigurationPlatforms) = postSolution
		{F37967C4-314E-47CF-AD2C-EF9F8C9EFFE0}.Debug|Any CPU.ActiveCfg = Debug|Any CPU
		{F37967C4-314E-47CF-AD2C-EF9F8C9EFFE0}.Debug|Any CPU.Build.0 = Debug|Any CPU
		{F37967C4-314E-47CF-AD2C-EF9F8C9EFFE0}.Release|Any CPU.ActiveCfg = Release|Any CPU
		{F37967C4-314E-47CF-AD2C-EF9F8C9EFFE0}.Release|Any CPU.Build.0 = Release|Any CPU
		{362C7AFB-30C1-4E16-A745-7EF2BB41D09A}.Debug|Any CPU.ActiveCfg = Debug|Any CPU
		{362C7AFB-30C1-4E16-A745-7EF2BB41D09A}.Debug|Any CPU.Build.0 = Debug|Any CPU
		{362C7AFB-30C1-4E16-A745-7EF2BB41D09A}.Release|Any CPU.ActiveCfg = Release|Any CPU
		{362C7AFB-30C1-4E16-A745-7EF2BB41D09A}.Release|Any CPU.Build.0 = Release|Any CPU
		{1935ABB1-B788-4DD9-9FB1-3416F63776B4}.Debug|Any CPU.ActiveCfg = Debug|Any CPU
		{1935ABB1-B788-4DD9-9FB1-3416F63776B4}.Debug|Any CPU.Build.0 = Debug|Any CPU
		{1935ABB1-B788-4DD9-9FB1-3416F63776B4}.Release|Any CPU.ActiveCfg = Release|Any CPU
		{1935ABB1-B788-4DD9-9FB1-3416F63776B4}.Release|Any CPU.Build.0 = Release|Any CPU
		{7CC8E9B8-B27E-4A70-8948-B0354761A19B}.Debug|Any CPU.ActiveCfg = Debug|Any CPU
		{7CC8E9B8-B27E-4A70-8948-B0354761A19B}.Debug|Any CPU.Build.0 = Debug|Any CPU
		{7CC8E9B8-B27E-4A70-8948-B0354761A19B}.Release|Any CPU.ActiveCfg = Release|Any CPU
		{7CC8E9B8-B27E-4A70-8948-B0354761A19B}.Release|Any CPU.Build.0 = Release|Any CPU
		{29ACB781-B49A-469C-AC92-3AA6A32ACEFE}.Debug|Any CPU.ActiveCfg = Debug|Any CPU
		{29ACB781-B49A-469C-AC92-3AA6A32ACEFE}.Debug|Any CPU.Build.0 = Debug|Any CPU
		{29ACB781-B49A-469C-AC92-3AA6A32ACEFE}.Release|Any CPU.ActiveCfg = Release|Any CPU
		{29ACB781-B49A-469C-AC92-3AA6A32ACEFE}.Release|Any CPU.Build.0 = Release|Any CPU
	EndGlobalSection
	GlobalSection(SolutionProperties) = preSolution
		HideSolutionNode = FALSE
	EndGlobalSection
	GlobalSection(ExtensibilityGlobals) = postSolution
		SolutionGuid = {77A9C978-88BA-474F-9399-500ADF014F57}
	EndGlobalSection
EndGlobal
